
Microsoft Visual Studio Solution File, Format Version 12.00
# Visual Studio Version 17
VisualStudioVersion = 17.9.34728.123
MinimumVisualStudioVersion = 10.0.40219.1
Project("{2150E333-8FDC-42A3-9474-1A3956D46DE8}") = "1. Shared", "1. Shared", "{52864199-30B5-4F40-AB08-927D1810E47F}"
EndProject
Project("{2150E333-8FDC-42A3-9474-1A3956D46DE8}") = "2. Domain", "2. Domain", "{5650EB26-E05E-44CD-BBC7-F778A7FC4885}"
EndProject
Project("{2150E333-8FDC-42A3-9474-1A3956D46DE8}") = "3. Infrastructure", "3. Infrastructure", "{FDB20B09-9ABB-41BD-A03D-97200EA79771}"
EndProject
Project("{2150E333-8FDC-42A3-9474-1A3956D46DE8}") = "4. Host", "4. Host", "{C4CD4935-0AB4-4C88-9D0B-902BA8B2C2CA}"
EndProject
Project("{2150E333-8FDC-42A3-9474-1A3956D46DE8}") = "Api", "Api", "{A98E5BD3-89D8-4F73-9BF8-1CE3111DEFF9}"
EndProject
Project("{2150E333-8FDC-42A3-9474-1A3956D46DE8}") = "Client", "Client", "{2023347B-8FD2-4CA9-BDC3-C17B4A165574}"
EndProject
Project("{2150E333-8FDC-42A3-9474-1A3956D46DE8}") = "Application", "Application", "{BA66EC86-3BD8-41DE-B5E7-6A9E638FEC8F}"
EndProject
Project("{2150E333-8FDC-42A3-9474-1A3956D46DE8}") = "Library", "Library", "{30F04B1E-BDC3-4F39-85E1-E1D35CCA291C}"
EndProject
Project("{FAE04EC0-301F-11D3-BF4B-00C04F79EFBC}") = "BookShopOnline.Data", "BookShopOnline.Data\BookShopOnline.Data.csproj", "{7AA029B2-C750-47E1-BBAA-36153AABBE3B}"
EndProject
Project("{FAE04EC0-301F-11D3-BF4B-00C04F79EFBC}") = "BookShopOnline.AdminApp", "BookShopOnline.AdminApp\BookShopOnline.AdminApp.csproj", "{878EDFEA-7CE0-40DE-8F18-E9D7BEB05E0F}"
EndProject
Project("{FAE04EC0-301F-11D3-BF4B-00C04F79EFBC}") = "BookShopOnline.WebApp", "BookShopOnline.WebApp\BookShopOnline.WebApp.csproj", "{7D2CB7D4-31CF-4260-9B88-9B866995F4AA}"
EndProject
Project("{FAE04EC0-301F-11D3-BF4B-00C04F79EFBC}") = "BookShopOnline.Shared", "BookShopOnline.Shared\BookShopOnline.Shared.csproj", "{D8DA6978-B6C6-4FF4-9C65-864B2E1CD616}"
EndProject
Project("{FAE04EC0-301F-11D3-BF4B-00C04F79EFBC}") = "BookShopOnline.ViewModels", "BookShopOnline.ViewModels\BookShopOnline.ViewModels.csproj", "{72530A8D-5478-4579-8E56-CC8F73EC1D10}"
EndProject
Project("{FAE04EC0-301F-11D3-BF4B-00C04F79EFBC}") = "BookShopOnline.ApiIntegration", "BookShopOnline.ApiIntegration\BookShopOnline.ApiIntegration.csproj", "{EAAA96C9-3FDF-4A08-8DAC-3B95298261A4}"
EndProject
Project("{FAE04EC0-301F-11D3-BF4B-00C04F79EFBC}") = "BookShopOnline.BackendApi", "BookShopOnline.BackendApi\BookShopOnline.BackendApi.csproj", "{311AADA2-06BF-4684-9D19-974CEB81FFB3}"
EndProject
Project("{FAE04EC0-301F-11D3-BF4B-00C04F79EFBC}") = "BookShopOnline.BackendApi.Services", "BookShopOnline.BackendApi.Services\BookShopOnline.BackendApi.Services.csproj", "{CD886AD7-5295-4DB0-BCDA-35B966F3AA0E}"
EndProject
Global
	GlobalSection(SolutionConfigurationPlatforms) = preSolution
		Debug|Any CPU = Debug|Any CPU
		Release|Any CPU = Release|Any CPU
	EndGlobalSection
	GlobalSection(ProjectConfigurationPlatforms) = postSolution
		{7AA029B2-C750-47E1-BBAA-36153AABBE3B}.Debug|Any CPU.ActiveCfg = Debug|Any CPU
		{7AA029B2-C750-47E1-BBAA-36153AABBE3B}.Debug|Any CPU.Build.0 = Debug|Any CPU
		{7AA029B2-C750-47E1-BBAA-36153AABBE3B}.Release|Any CPU.ActiveCfg = Release|Any CPU
		{7AA029B2-C750-47E1-BBAA-36153AABBE3B}.Release|Any CPU.Build.0 = Release|Any CPU
		{878EDFEA-7CE0-40DE-8F18-E9D7BEB05E0F}.Debug|Any CPU.ActiveCfg = Debug|Any CPU
		{878EDFEA-7CE0-40DE-8F18-E9D7BEB05E0F}.Debug|Any CPU.Build.0 = Debug|Any CPU
		{878EDFEA-7CE0-40DE-8F18-E9D7BEB05E0F}.Release|Any CPU.ActiveCfg = Release|Any CPU
		{878EDFEA-7CE0-40DE-8F18-E9D7BEB05E0F}.Release|Any CPU.Build.0 = Release|Any CPU
		{7D2CB7D4-31CF-4260-9B88-9B866995F4AA}.Debug|Any CPU.ActiveCfg = Debug|Any CPU
		{7D2CB7D4-31CF-4260-9B88-9B866995F4AA}.Debug|Any CPU.Build.0 = Debug|Any CPU
		{7D2CB7D4-31CF-4260-9B88-9B866995F4AA}.Release|Any CPU.ActiveCfg = Release|Any CPU
		{7D2CB7D4-31CF-4260-9B88-9B866995F4AA}.Release|Any CPU.Build.0 = Release|Any CPU
		{D8DA6978-B6C6-4FF4-9C65-864B2E1CD616}.Debug|Any CPU.ActiveCfg = Debug|Any CPU
		{D8DA6978-B6C6-4FF4-9C65-864B2E1CD616}.Debug|Any CPU.Build.0 = Debug|Any CPU
		{D8DA6978-B6C6-4FF4-9C65-864B2E1CD616}.Release|Any CPU.ActiveCfg = Release|Any CPU
		{D8DA6978-B6C6-4FF4-9C65-864B2E1CD616}.Release|Any CPU.Build.0 = Release|Any CPU
		{72530A8D-5478-4579-8E56-CC8F73EC1D10}.Debug|Any CPU.ActiveCfg = Debug|Any CPU
		{72530A8D-5478-4579-8E56-CC8F73EC1D10}.Debug|Any CPU.Build.0 = Debug|Any CPU
		{72530A8D-5478-4579-8E56-CC8F73EC1D10}.Release|Any CPU.ActiveCfg = Release|Any CPU
		{72530A8D-5478-4579-8E56-CC8F73EC1D10}.Release|Any CPU.Build.0 = Release|Any CPU
		{EAAA96C9-3FDF-4A08-8DAC-3B95298261A4}.Debug|Any CPU.ActiveCfg = Debug|Any CPU
		{EAAA96C9-3FDF-4A08-8DAC-3B95298261A4}.Debug|Any CPU.Build.0 = Debug|Any CPU
		{EAAA96C9-3FDF-4A08-8DAC-3B95298261A4}.Release|Any CPU.ActiveCfg = Release|Any CPU
		{EAAA96C9-3FDF-4A08-8DAC-3B95298261A4}.Release|Any CPU.Build.0 = Release|Any CPU
		{311AADA2-06BF-4684-9D19-974CEB81FFB3}.Debug|Any CPU.ActiveCfg = Debug|Any CPU
		{311AADA2-06BF-4684-9D19-974CEB81FFB3}.Debug|Any CPU.Build.0 = Debug|Any CPU
		{311AADA2-06BF-4684-9D19-974CEB81FFB3}.Release|Any CPU.ActiveCfg = Release|Any CPU
		{311AADA2-06BF-4684-9D19-974CEB81FFB3}.Release|Any CPU.Build.0 = Release|Any CPU
		{CD886AD7-5295-4DB0-BCDA-35B966F3AA0E}.Debug|Any CPU.ActiveCfg = Debug|Any CPU
		{CD886AD7-5295-4DB0-BCDA-35B966F3AA0E}.Debug|Any CPU.Build.0 = Debug|Any CPU
		{CD886AD7-5295-4DB0-BCDA-35B966F3AA0E}.Release|Any CPU.ActiveCfg = Release|Any CPU
		{CD886AD7-5295-4DB0-BCDA-35B966F3AA0E}.Release|Any CPU.Build.0 = Release|Any CPU
	EndGlobalSection
	GlobalSection(SolutionProperties) = preSolution
		HideSolutionNode = FALSE
	EndGlobalSection
	GlobalSection(NestedProjects) = preSolution
		{A98E5BD3-89D8-4F73-9BF8-1CE3111DEFF9} = {C4CD4935-0AB4-4C88-9D0B-902BA8B2C2CA}
		{2023347B-8FD2-4CA9-BDC3-C17B4A165574} = {C4CD4935-0AB4-4C88-9D0B-902BA8B2C2CA}
		{BA66EC86-3BD8-41DE-B5E7-6A9E638FEC8F} = {FDB20B09-9ABB-41BD-A03D-97200EA79771}
		{30F04B1E-BDC3-4F39-85E1-E1D35CCA291C} = {FDB20B09-9ABB-41BD-A03D-97200EA79771}
		{7AA029B2-C750-47E1-BBAA-36153AABBE3B} = {5650EB26-E05E-44CD-BBC7-F778A7FC4885}
		{878EDFEA-7CE0-40DE-8F18-E9D7BEB05E0F} = {2023347B-8FD2-4CA9-BDC3-C17B4A165574}
		{7D2CB7D4-31CF-4260-9B88-9B866995F4AA} = {2023347B-8FD2-4CA9-BDC3-C17B4A165574}
		{D8DA6978-B6C6-4FF4-9C65-864B2E1CD616} = {52864199-30B5-4F40-AB08-927D1810E47F}
		{72530A8D-5478-4579-8E56-CC8F73EC1D10} = {52864199-30B5-4F40-AB08-927D1810E47F}
		{EAAA96C9-3FDF-4A08-8DAC-3B95298261A4} = {A98E5BD3-89D8-4F73-9BF8-1CE3111DEFF9}
		{311AADA2-06BF-4684-9D19-974CEB81FFB3} = {A98E5BD3-89D8-4F73-9BF8-1CE3111DEFF9}
		{CD886AD7-5295-4DB0-BCDA-35B966F3AA0E} = {A98E5BD3-89D8-4F73-9BF8-1CE3111DEFF9}
	EndGlobalSection
	GlobalSection(ExtensibilityGlobals) = postSolution
		SolutionGuid = {33B263AB-621C-4176-985E-7107F6477326}
	EndGlobalSection
EndGlobal
